
Microsoft Visual Studio Solution File, Format Version 12.00
Project("{2150E333-8FDC-42A3-9474-1A3956D46DE8}") = "backend", "backend", "{747D733A-3AD2-4C1A-A687-F1D6D985BCF5}"
EndProject
Project("{2150E333-8FDC-42A3-9474-1A3956D46DE8}") = "frontend", "frontend", "{DBB98F57-6885-4DBA-A751-097A2D7726A5}"
EndProject
Project("{2150E333-8FDC-42A3-9474-1A3956D46DE8}") = "WebClient", "WebClient", "{0441F599-2E0A-4E5B-AECD-52AD3142DC92}"
EndProject
Project("{2150E333-8FDC-42A3-9474-1A3956D46DE8}") = "MobileClient", "MobileClient", "{283A1C65-2CA1-449F-9C44-9A6D8E4A96D5}"
EndProject
Project("{2150E333-8FDC-42A3-9474-1A3956D46DE8}") = "ai-service", "ai-service", "{936B038A-A48D-41BA-8F3C-FB4D6006FA65}"
EndProject
Project("{FAE04EC0-301F-11D3-BF4B-00C04F79EFBC}") = "AIChat.API", "backend\AIChat.API\AIChat.API.csproj", "{5EF05CDE-157F-4CA7-9E21-5494B3FC474B}"
EndProject
Global
	GlobalSection(SolutionConfigurationPlatforms) = preSolution
		Debug|Any CPU = Debug|Any CPU
		Release|Any CPU = Release|Any CPU
	EndGlobalSection
	GlobalSection(NestedProjects) = preSolution
		{0441F599-2E0A-4E5B-AECD-52AD3142DC92} = {DBB98F57-6885-4DBA-A751-097A2D7726A5}
		{283A1C65-2CA1-449F-9C44-9A6D8E4A96D5} = {DBB98F57-6885-4DBA-A751-097A2D7726A5}
		{5EF05CDE-157F-4CA7-9E21-5494B3FC474B} = {747D733A-3AD2-4C1A-A687-F1D6D985BCF5}
	EndGlobalSection
	GlobalSection(ProjectConfigurationPlatforms) = postSolution
		{5EF05CDE-157F-4CA7-9E21-5494B3FC474B}.Debug|Any CPU.ActiveCfg = Debug|Any CPU
		{5EF05CDE-157F-4CA7-9E21-5494B3FC474B}.Debug|Any CPU.Build.0 = Debug|Any CPU
		{5EF05CDE-157F-4CA7-9E21-5494B3FC474B}.Release|Any CPU.ActiveCfg = Release|Any CPU
		{5EF05CDE-157F-4CA7-9E21-5494B3FC474B}.Release|Any CPU.Build.0 = Release|Any CPU
	EndGlobalSection
EndGlobal
